// !$*UTF8*$!
{
	archiveVersion = 1;
	classes = {
	};
	objectVersion = 77;
	objects = {

/* Begin PBXBuildFile section */
		4CF221902E4A42A500AD5F29 /* MijickCalendarView in Frameworks */ = {isa = PBXBuildFile; productRef = 4CF2218F2E4A42A500AD5F29 /* MijickCalendarView */; };
/* End PBXBuildFile section */

/* Begin PBXContainerItemProxy section */
		4CF220462E4A33BC00AD5F29 /* PBXContainerItemProxy */ = {
			isa = PBXContainerItemProxy;
			containerPortal = 4CF2202F2E4A33B900AD5F29 /* Project object */;
			proxyType = 1;
			remoteGlobalIDString = 4CF220362E4A33BA00AD5F29;
			remoteInfo = OffshoreBudgeting;
		};
		4CF220502E4A33BC00AD5F29 /* PBXContainerItemProxy */ = {
			isa = PBXContainerItemProxy;
			containerPortal = 4CF2202F2E4A33B900AD5F29 /* Project object */;
			proxyType = 1;
			remoteGlobalIDString = 4CF220362E4A33BA00AD5F29;
			remoteInfo = OffshoreBudgeting;
		};
/* End PBXContainerItemProxy section */

/* Begin PBXFileReference section */
		4C54117B2E8E1D37002EE82B /* OffshoreBudgeting.xctestplan */ = {isa = PBXFileReference; lastKnownFileType = text; path = OffshoreBudgeting.xctestplan; sourceTree = "<group>"; };
		4CF220372E4A33BA00AD5F29 /* Offshore.app */ = {isa = PBXFileReference; explicitFileType = wrapper.application; includeInIndex = 0; path = Offshore.app; sourceTree = BUILT_PRODUCTS_DIR; };
		4CF220452E4A33BC00AD5F29 /* OffshoreBudgetingTests.xctest */ = {isa = PBXFileReference; explicitFileType = wrapper.cfbundle; includeInIndex = 0; path = OffshoreBudgetingTests.xctest; sourceTree = BUILT_PRODUCTS_DIR; };
		4CF2204F2E4A33BC00AD5F29 /* OffshoreBudgetingUITests.xctest */ = {isa = PBXFileReference; explicitFileType = wrapper.cfbundle; includeInIndex = 0; path = OffshoreBudgetingUITests.xctest; sourceTree = BUILT_PRODUCTS_DIR; };
/* End PBXFileReference section */

/* Begin PBXFileSystemSynchronizedBuildFileExceptionSet section */
		4C66A7752E53C0DE004F3F6F /* Exceptions for "OffshoreBudgeting" folder in "OffshoreBudgeting" target */ = {
			isa = PBXFileSystemSynchronizedBuildFileExceptionSet;
			membershipExceptions = (
				Info.plist,
			);
			target = 4CF220362E4A33BA00AD5F29 /* OffshoreBudgeting */;
		};
/* End PBXFileSystemSynchronizedBuildFileExceptionSet section */

/* Begin PBXFileSystemSynchronizedRootGroup section */
		4CF220392E4A33BA00AD5F29 /* OffshoreBudgeting */ = {
			isa = PBXFileSystemSynchronizedRootGroup;
			exceptions = (
				4C66A7752E53C0DE004F3F6F /* Exceptions for "OffshoreBudgeting" folder in "OffshoreBudgeting" target */,
			);
			path = OffshoreBudgeting;
			sourceTree = "<group>";
		};
		4CF220482E4A33BC00AD5F29 /* OffshoreBudgetingTests */ = {
			isa = PBXFileSystemSynchronizedRootGroup;
			path = OffshoreBudgetingTests;
			sourceTree = "<group>";
		};
		4CF220522E4A33BC00AD5F29 /* OffshoreBudgetingUITests */ = {
			isa = PBXFileSystemSynchronizedRootGroup;
			path = OffshoreBudgetingUITests;
			sourceTree = "<group>";
		};
/* End PBXFileSystemSynchronizedRootGroup section */

/* Begin PBXFrameworksBuildPhase section */
		4CF220342E4A33BA00AD5F29 /* Frameworks */ = {
			isa = PBXFrameworksBuildPhase;
			buildActionMask = 2147483647;
			files = (
				4CF221902E4A42A500AD5F29 /* MijickCalendarView in Frameworks */,
			);
			runOnlyForDeploymentPostprocessing = 0;
		};
		4CF220422E4A33BC00AD5F29 /* Frameworks */ = {
			isa = PBXFrameworksBuildPhase;
			buildActionMask = 2147483647;
			files = (
			);
			runOnlyForDeploymentPostprocessing = 0;
		};
		4CF2204C2E4A33BC00AD5F29 /* Frameworks */ = {
			isa = PBXFrameworksBuildPhase;
			buildActionMask = 2147483647;
			files = (
			);
			runOnlyForDeploymentPostprocessing = 0;
		};
/* End PBXFrameworksBuildPhase section */

/* Begin PBXGroup section */
		4CF2202E2E4A33B900AD5F29 = {
			isa = PBXGroup;
			children = (
				4C54117B2E8E1D37002EE82B /* OffshoreBudgeting.xctestplan */,
				4CF220392E4A33BA00AD5F29 /* OffshoreBudgeting */,
				4CF220482E4A33BC00AD5F29 /* OffshoreBudgetingTests */,
				4CF220522E4A33BC00AD5F29 /* OffshoreBudgetingUITests */,
				4CF220382E4A33BA00AD5F29 /* Products */,
			);
			sourceTree = "<group>";
		};
		4CF220382E4A33BA00AD5F29 /* Products */ = {
			isa = PBXGroup;
			children = (
				4CF220372E4A33BA00AD5F29 /* Offshore.app */,
				4CF220452E4A33BC00AD5F29 /* OffshoreBudgetingTests.xctest */,
				4CF2204F2E4A33BC00AD5F29 /* OffshoreBudgetingUITests.xctest */,
			);
			name = Products;
			sourceTree = "<group>";
		};
/* End PBXGroup section */

/* Begin PBXNativeTarget section */
		4CF220362E4A33BA00AD5F29 /* OffshoreBudgeting */ = {
			isa = PBXNativeTarget;
			buildConfigurationList = 4CF220592E4A33BC00AD5F29 /* Build configuration list for PBXNativeTarget "OffshoreBudgeting" */;
			buildPhases = (
				4CF220332E4A33BA00AD5F29 /* Sources */,
				4CF220342E4A33BA00AD5F29 /* Frameworks */,
				4CF220352E4A33BA00AD5F29 /* Resources */,
			);
			buildRules = (
			);
			dependencies = (
			);
			fileSystemSynchronizedGroups = (
				4CF220392E4A33BA00AD5F29 /* OffshoreBudgeting */,
			);
			name = OffshoreBudgeting;
			packageProductDependencies = (
				4CF2218F2E4A42A500AD5F29 /* MijickCalendarView */,
			);
			productName = OffshoreBudgeting;
			productReference = 4CF220372E4A33BA00AD5F29 /* Offshore.app */;
			productType = "com.apple.product-type.application";
		};
		4CF220442E4A33BC00AD5F29 /* OffshoreBudgetingTests */ = {
			isa = PBXNativeTarget;
			buildConfigurationList = 4CF2205C2E4A33BC00AD5F29 /* Build configuration list for PBXNativeTarget "OffshoreBudgetingTests" */;
			buildPhases = (
				4CF220412E4A33BC00AD5F29 /* Sources */,
				4CF220422E4A33BC00AD5F29 /* Frameworks */,
				4CF220432E4A33BC00AD5F29 /* Resources */,
			);
			buildRules = (
			);
			dependencies = (
				4CF220472E4A33BC00AD5F29 /* PBXTargetDependency */,
			);
			fileSystemSynchronizedGroups = (
				4CF220482E4A33BC00AD5F29 /* OffshoreBudgetingTests */,
			);
			name = OffshoreBudgetingTests;
			packageProductDependencies = (
			);
			productName = OffshoreBudgetingTests;
			productReference = 4CF220452E4A33BC00AD5F29 /* OffshoreBudgetingTests.xctest */;
			productType = "com.apple.product-type.bundle.unit-test";
		};
		4CF2204E2E4A33BC00AD5F29 /* OffshoreBudgetingUITests */ = {
			isa = PBXNativeTarget;
			buildConfigurationList = 4CF2205F2E4A33BC00AD5F29 /* Build configuration list for PBXNativeTarget "OffshoreBudgetingUITests" */;
			buildPhases = (
				4CF2204B2E4A33BC00AD5F29 /* Sources */,
				4CF2204C2E4A33BC00AD5F29 /* Frameworks */,
				4CF2204D2E4A33BC00AD5F29 /* Resources */,
			);
			buildRules = (
			);
			dependencies = (
				4CF220512E4A33BC00AD5F29 /* PBXTargetDependency */,
			);
			fileSystemSynchronizedGroups = (
				4CF220522E4A33BC00AD5F29 /* OffshoreBudgetingUITests */,
			);
			name = OffshoreBudgetingUITests;
			packageProductDependencies = (
			);
			productName = OffshoreBudgetingUITests;
			productReference = 4CF2204F2E4A33BC00AD5F29 /* OffshoreBudgetingUITests.xctest */;
			productType = "com.apple.product-type.bundle.ui-testing";
		};
/* End PBXNativeTarget section */

/* Begin PBXProject section */
		4CF2202F2E4A33B900AD5F29 /* Project object */ = {
			isa = PBXProject;
			attributes = {
				BuildIndependentTargetsInParallel = 1;
				LastSwiftUpdateCheck = 1640;
				LastUpgradeCheck = 2600;
				TargetAttributes = {
					4CF220362E4A33BA00AD5F29 = {
						CreatedOnToolsVersion = 16.4;
					};
					4CF220442E4A33BC00AD5F29 = {
						CreatedOnToolsVersion = 16.4;
						TestTargetID = 4CF220362E4A33BA00AD5F29;
					};
					4CF2204E2E4A33BC00AD5F29 = {
						CreatedOnToolsVersion = 16.4;
						TestTargetID = 4CF220362E4A33BA00AD5F29;
					};
				};
			};
			buildConfigurationList = 4CF220322E4A33B900AD5F29 /* Build configuration list for PBXProject "Offshore" */;
			developmentRegion = en;
			hasScannedForEncodings = 0;
			knownRegions = (
				en,
				Base,
			);
			mainGroup = 4CF2202E2E4A33B900AD5F29;
			minimizedProjectReferenceProxies = 1;
			packageReferences = (
				4CF2218E2E4A42A500AD5F29 /* XCRemoteSwiftPackageReference "CalendarView" */,
			);
			preferredProjectObjectVersion = 77;
			productRefGroup = 4CF220382E4A33BA00AD5F29 /* Products */;
			projectDirPath = "";
			projectRoot = "";
			targets = (
				4CF220362E4A33BA00AD5F29 /* OffshoreBudgeting */,
				4CF220442E4A33BC00AD5F29 /* OffshoreBudgetingTests */,
				4CF2204E2E4A33BC00AD5F29 /* OffshoreBudgetingUITests */,
			);
		};
/* End PBXProject section */

/* Begin PBXResourcesBuildPhase section */
		4CF220352E4A33BA00AD5F29 /* Resources */ = {
			isa = PBXResourcesBuildPhase;
			buildActionMask = 2147483647;
			files = (
			);
			runOnlyForDeploymentPostprocessing = 0;
		};
		4CF220432E4A33BC00AD5F29 /* Resources */ = {
			isa = PBXResourcesBuildPhase;
			buildActionMask = 2147483647;
			files = (
			);
			runOnlyForDeploymentPostprocessing = 0;
		};
		4CF2204D2E4A33BC00AD5F29 /* Resources */ = {
			isa = PBXResourcesBuildPhase;
			buildActionMask = 2147483647;
			files = (
			);
			runOnlyForDeploymentPostprocessing = 0;
		};
/* End PBXResourcesBuildPhase section */

/* Begin PBXSourcesBuildPhase section */
		4CF220332E4A33BA00AD5F29 /* Sources */ = {
			isa = PBXSourcesBuildPhase;
			buildActionMask = 2147483647;
			files = (
			);
			runOnlyForDeploymentPostprocessing = 0;
		};
		4CF220412E4A33BC00AD5F29 /* Sources */ = {
			isa = PBXSourcesBuildPhase;
			buildActionMask = 2147483647;
			files = (
			);
			runOnlyForDeploymentPostprocessing = 0;
		};
		4CF2204B2E4A33BC00AD5F29 /* Sources */ = {
			isa = PBXSourcesBuildPhase;
			buildActionMask = 2147483647;
			files = (
			);
			runOnlyForDeploymentPostprocessing = 0;
		};
/* End PBXSourcesBuildPhase section */

/* Begin PBXTargetDependency section */
		4CF220472E4A33BC00AD5F29 /* PBXTargetDependency */ = {
			isa = PBXTargetDependency;
			target = 4CF220362E4A33BA00AD5F29 /* OffshoreBudgeting */;
			targetProxy = 4CF220462E4A33BC00AD5F29 /* PBXContainerItemProxy */;
		};
		4CF220512E4A33BC00AD5F29 /* PBXTargetDependency */ = {
			isa = PBXTargetDependency;
			target = 4CF220362E4A33BA00AD5F29 /* OffshoreBudgeting */;
			targetProxy = 4CF220502E4A33BC00AD5F29 /* PBXContainerItemProxy */;
		};
/* End PBXTargetDependency section */

/* Begin XCBuildConfiguration section */
		4CF220572E4A33BC00AD5F29 /* Debug */ = {
			isa = XCBuildConfiguration;
			buildSettings = {
				ALWAYS_SEARCH_USER_PATHS = NO;
				ASSETCATALOG_COMPILER_GENERATE_SWIFT_ASSET_SYMBOL_EXTENSIONS = YES;
				CLANG_ANALYZER_NONNULL = YES;
				CLANG_ANALYZER_NUMBER_OBJECT_CONVERSION = YES_AGGRESSIVE;
				CLANG_CXX_LANGUAGE_STANDARD = "gnu++20";
				CLANG_ENABLE_MODULES = YES;
				CLANG_ENABLE_OBJC_ARC = YES;
				CLANG_ENABLE_OBJC_WEAK = YES;
				CLANG_WARN_BLOCK_CAPTURE_AUTORELEASING = YES;
				CLANG_WARN_BOOL_CONVERSION = YES;
				CLANG_WARN_COMMA = YES;
				CLANG_WARN_CONSTANT_CONVERSION = YES;
				CLANG_WARN_DEPRECATED_OBJC_IMPLEMENTATIONS = YES;
				CLANG_WARN_DIRECT_OBJC_ISA_USAGE = YES_ERROR;
				CLANG_WARN_DOCUMENTATION_COMMENTS = YES;
				CLANG_WARN_EMPTY_BODY = YES;
				CLANG_WARN_ENUM_CONVERSION = YES;
				CLANG_WARN_INFINITE_RECURSION = YES;
				CLANG_WARN_INT_CONVERSION = YES;
				CLANG_WARN_NON_LITERAL_NULL_CONVERSION = YES;
				CLANG_WARN_OBJC_IMPLICIT_RETAIN_SELF = YES;
				CLANG_WARN_OBJC_LITERAL_CONVERSION = YES;
				CLANG_WARN_OBJC_ROOT_CLASS = YES_ERROR;
				CLANG_WARN_QUOTED_INCLUDE_IN_FRAMEWORK_HEADER = YES;
				CLANG_WARN_RANGE_LOOP_ANALYSIS = YES;
				CLANG_WARN_STRICT_PROTOTYPES = YES;
				CLANG_WARN_SUSPICIOUS_MOVE = YES;
				CLANG_WARN_UNGUARDED_AVAILABILITY = YES_AGGRESSIVE;
				CLANG_WARN_UNREACHABLE_CODE = YES;
				CLANG_WARN__DUPLICATE_METHOD_MATCH = YES;
				COPY_PHASE_STRIP = NO;
				DEAD_CODE_STRIPPING = YES;
				DEBUG_INFORMATION_FORMAT = dwarf;
				DEVELOPMENT_TEAM = T6DP3686XU;
				ENABLE_STRICT_OBJC_MSGSEND = YES;
				ENABLE_TESTABILITY = YES;
				ENABLE_USER_SCRIPT_SANDBOXING = YES;
				GCC_C_LANGUAGE_STANDARD = gnu17;
				GCC_DYNAMIC_NO_PIC = NO;
				GCC_NO_COMMON_BLOCKS = YES;
				GCC_OPTIMIZATION_LEVEL = 0;
				GCC_PREPROCESSOR_DEFINITIONS = (
					"DEBUG=1",
					"$(inherited)",
				);
				GCC_WARN_64_TO_32_BIT_CONVERSION = YES;
				GCC_WARN_ABOUT_RETURN_TYPE = YES_ERROR;
				GCC_WARN_UNDECLARED_SELECTOR = YES;
				GCC_WARN_UNINITIALIZED_AUTOS = YES_AGGRESSIVE;
				GCC_WARN_UNUSED_FUNCTION = YES;
				GCC_WARN_UNUSED_VARIABLE = YES;
				LOCALIZATION_PREFERS_STRING_CATALOGS = YES;
				MTL_ENABLE_DEBUG_INFO = INCLUDE_SOURCE;
				MTL_FAST_MATH = YES;
				ONLY_ACTIVE_ARCH = YES;
				STRING_CATALOG_GENERATE_SYMBOLS = YES;
				SWIFT_ACTIVE_COMPILATION_CONDITIONS = "DEBUG $(inherited)";
				SWIFT_OPTIMIZATION_LEVEL = "-Onone";
			};
			name = Debug;
		};
		4CF220582E4A33BC00AD5F29 /* Release */ = {
			isa = XCBuildConfiguration;
			buildSettings = {
				ALWAYS_SEARCH_USER_PATHS = NO;
				ASSETCATALOG_COMPILER_GENERATE_SWIFT_ASSET_SYMBOL_EXTENSIONS = YES;
				CLANG_ANALYZER_NONNULL = YES;
				CLANG_ANALYZER_NUMBER_OBJECT_CONVERSION = YES_AGGRESSIVE;
				CLANG_CXX_LANGUAGE_STANDARD = "gnu++20";
				CLANG_ENABLE_MODULES = YES;
				CLANG_ENABLE_OBJC_ARC = YES;
				CLANG_ENABLE_OBJC_WEAK = YES;
				CLANG_WARN_BLOCK_CAPTURE_AUTORELEASING = YES;
				CLANG_WARN_BOOL_CONVERSION = YES;
				CLANG_WARN_COMMA = YES;
				CLANG_WARN_CONSTANT_CONVERSION = YES;
				CLANG_WARN_DEPRECATED_OBJC_IMPLEMENTATIONS = YES;
				CLANG_WARN_DIRECT_OBJC_ISA_USAGE = YES_ERROR;
				CLANG_WARN_DOCUMENTATION_COMMENTS = YES;
				CLANG_WARN_EMPTY_BODY = YES;
				CLANG_WARN_ENUM_CONVERSION = YES;
				CLANG_WARN_INFINITE_RECURSION = YES;
				CLANG_WARN_INT_CONVERSION = YES;
				CLANG_WARN_NON_LITERAL_NULL_CONVERSION = YES;
				CLANG_WARN_OBJC_IMPLICIT_RETAIN_SELF = YES;
				CLANG_WARN_OBJC_LITERAL_CONVERSION = YES;
				CLANG_WARN_OBJC_ROOT_CLASS = YES_ERROR;
				CLANG_WARN_QUOTED_INCLUDE_IN_FRAMEWORK_HEADER = YES;
				CLANG_WARN_RANGE_LOOP_ANALYSIS = YES;
				CLANG_WARN_STRICT_PROTOTYPES = YES;
				CLANG_WARN_SUSPICIOUS_MOVE = YES;
				CLANG_WARN_UNGUARDED_AVAILABILITY = YES_AGGRESSIVE;
				CLANG_WARN_UNREACHABLE_CODE = YES;
				CLANG_WARN__DUPLICATE_METHOD_MATCH = YES;
				COPY_PHASE_STRIP = NO;
				DEAD_CODE_STRIPPING = YES;
				DEBUG_INFORMATION_FORMAT = "dwarf-with-dsym";
				DEVELOPMENT_TEAM = T6DP3686XU;
				ENABLE_NS_ASSERTIONS = NO;
				ENABLE_STRICT_OBJC_MSGSEND = YES;
				ENABLE_USER_SCRIPT_SANDBOXING = YES;
				GCC_C_LANGUAGE_STANDARD = gnu17;
				GCC_NO_COMMON_BLOCKS = YES;
				GCC_WARN_64_TO_32_BIT_CONVERSION = YES;
				GCC_WARN_ABOUT_RETURN_TYPE = YES_ERROR;
				GCC_WARN_UNDECLARED_SELECTOR = YES;
				GCC_WARN_UNINITIALIZED_AUTOS = YES_AGGRESSIVE;
				GCC_WARN_UNUSED_FUNCTION = YES;
				GCC_WARN_UNUSED_VARIABLE = YES;
				LOCALIZATION_PREFERS_STRING_CATALOGS = YES;
				MTL_ENABLE_DEBUG_INFO = NO;
				MTL_FAST_MATH = YES;
				STRING_CATALOG_GENERATE_SYMBOLS = YES;
				SWIFT_COMPILATION_MODE = wholemodule;
			};
			name = Release;
		};
		4CF2205A2E4A33BC00AD5F29 /* Debug */ = {
			isa = XCBuildConfiguration;
			buildSettings = {
				ASSETCATALOG_COMPILER_APPICON_NAME = AppIcon;
				ASSETCATALOG_COMPILER_INCLUDE_ALL_APPICON_ASSETS = YES;
				ASSETCATALOG_OTHER_FLAGS = "--enable-icon-stack-fallback-generation=disabled";
				CLANG_TIDY_BUGPRONE_REDUNDANT_BRANCH_CONDITION = YES;
				CLANG_TIDY_MISC_REDUNDANT_EXPRESSION = YES;
				CODE_SIGN_ENTITLEMENTS = OffshoreBudgeting/OffshoreBudgeting.entitlements;
				CODE_SIGN_IDENTITY = "Apple Development";
				CODE_SIGN_STYLE = Automatic;
				CURRENT_PROJECT_VERSION = 1;
				DEAD_CODE_STRIPPING = YES;
				DEVELOPMENT_TEAM = T6DP3686XU;
				ENABLE_APP_SANDBOX = YES;
				ENABLE_HARDENED_RUNTIME = YES;
				ENABLE_INCOMING_NETWORK_CONNECTIONS = YES;
				ENABLE_OUTGOING_NETWORK_CONNECTIONS = YES;
				ENABLE_PREVIEWS = YES;
				ENABLE_USER_SELECTED_FILES = readonly;
				GENERATE_INFOPLIST_FILE = YES;
				INFOPLIST_FILE = OffshoreBudgeting/Info.plist;
				INFOPLIST_KEY_CFBundleDisplayName = Offshore;
				INFOPLIST_KEY_LSApplicationCategoryType = "public.app-category.finance";
				"INFOPLIST_KEY_UIApplicationSceneManifest_Generation[sdk=iphoneos*]" = YES;
				"INFOPLIST_KEY_UIApplicationSceneManifest_Generation[sdk=iphonesimulator*]" = YES;
				"INFOPLIST_KEY_UIApplicationSupportsIndirectInputEvents[sdk=iphoneos*]" = YES;
				"INFOPLIST_KEY_UIApplicationSupportsIndirectInputEvents[sdk=iphonesimulator*]" = YES;
				INFOPLIST_KEY_UILaunchScreen_Generation = YES;
				"INFOPLIST_KEY_UILaunchScreen_Generation[sdk=iphoneos*]" = YES;
				"INFOPLIST_KEY_UILaunchScreen_Generation[sdk=iphonesimulator*]" = YES;
				INFOPLIST_KEY_UIStatusBarStyle = "";
				"INFOPLIST_KEY_UIStatusBarStyle[sdk=iphoneos*]" = UIStatusBarStyleDefault;
				"INFOPLIST_KEY_UIStatusBarStyle[sdk=iphonesimulator*]" = UIStatusBarStyleDefault;
				INFOPLIST_KEY_UISupportedInterfaceOrientations_iPad = "UIInterfaceOrientationPortrait UIInterfaceOrientationPortraitUpsideDown UIInterfaceOrientationLandscapeLeft UIInterfaceOrientationLandscapeRight";
				INFOPLIST_KEY_UISupportedInterfaceOrientations_iPhone = "UIInterfaceOrientationPortrait UIInterfaceOrientationLandscapeLeft UIInterfaceOrientationLandscapeRight";
				IPHONEOS_DEPLOYMENT_TARGET = 15.6;
				LD_RUNPATH_SEARCH_PATHS = "@executable_path/Frameworks";
				"LD_RUNPATH_SEARCH_PATHS[sdk=macosx*]" = "@executable_path/../Frameworks";
				MACOSX_DEPLOYMENT_TARGET = 15.6;
				MARKETING_VERSION = 1.1;
				PRODUCT_BUNDLE_IDENTIFIER = com.mbrown.offshore;
				PRODUCT_NAME = Offshore;
				PROVISIONING_PROFILE_SPECIFIER = "";
				REGISTER_APP_GROUPS = YES;
				SDKROOT = auto;
				SUPPORTED_PLATFORMS = "iphoneos iphonesimulator";
				SUPPORTS_MACCATALYST = YES;
				SWIFT_EMIT_LOC_STRINGS = YES;
				SWIFT_VERSION = 5.0;
				TARGETED_DEVICE_FAMILY = "1,2";
				XROS_DEPLOYMENT_TARGET = 2.5;
			};
			name = Debug;
		};
		4CF2205B2E4A33BC00AD5F29 /* Release */ = {
			isa = XCBuildConfiguration;
			buildSettings = {
				ASSETCATALOG_COMPILER_APPICON_NAME = AppIcon;
				ASSETCATALOG_COMPILER_INCLUDE_ALL_APPICON_ASSETS = YES;
				ASSETCATALOG_OTHER_FLAGS = "--enable-icon-stack-fallback-generation=disabled";
				CLANG_TIDY_BUGPRONE_REDUNDANT_BRANCH_CONDITION = YES;
				CLANG_TIDY_MISC_REDUNDANT_EXPRESSION = YES;
				CODE_SIGN_ENTITLEMENTS = OffshoreBudgeting/OffshoreBudgeting.entitlements;
				CODE_SIGN_IDENTITY = "Apple Development";
				CODE_SIGN_STYLE = Automatic;
				CURRENT_PROJECT_VERSION = 1;
				DEAD_CODE_STRIPPING = YES;
				DEVELOPMENT_TEAM = T6DP3686XU;
				ENABLE_APP_SANDBOX = YES;
				ENABLE_HARDENED_RUNTIME = YES;
				ENABLE_INCOMING_NETWORK_CONNECTIONS = YES;
				ENABLE_OUTGOING_NETWORK_CONNECTIONS = YES;
				ENABLE_PREVIEWS = YES;
				ENABLE_USER_SELECTED_FILES = readonly;
				GENERATE_INFOPLIST_FILE = YES;
				INFOPLIST_FILE = OffshoreBudgeting/Info.plist;
				INFOPLIST_KEY_CFBundleDisplayName = Offshore;
				INFOPLIST_KEY_LSApplicationCategoryType = "public.app-category.finance";
				"INFOPLIST_KEY_UIApplicationSceneManifest_Generation[sdk=iphoneos*]" = YES;
				"INFOPLIST_KEY_UIApplicationSceneManifest_Generation[sdk=iphonesimulator*]" = YES;
				"INFOPLIST_KEY_UIApplicationSupportsIndirectInputEvents[sdk=iphoneos*]" = YES;
				"INFOPLIST_KEY_UIApplicationSupportsIndirectInputEvents[sdk=iphonesimulator*]" = YES;
				INFOPLIST_KEY_UILaunchScreen_Generation = YES;
				"INFOPLIST_KEY_UILaunchScreen_Generation[sdk=iphoneos*]" = YES;
				"INFOPLIST_KEY_UILaunchScreen_Generation[sdk=iphonesimulator*]" = YES;
				INFOPLIST_KEY_UIStatusBarStyle = "";
				"INFOPLIST_KEY_UIStatusBarStyle[sdk=iphoneos*]" = UIStatusBarStyleDefault;
				"INFOPLIST_KEY_UIStatusBarStyle[sdk=iphonesimulator*]" = UIStatusBarStyleDefault;
				INFOPLIST_KEY_UISupportedInterfaceOrientations_iPad = "UIInterfaceOrientationPortrait UIInterfaceOrientationPortraitUpsideDown UIInterfaceOrientationLandscapeLeft UIInterfaceOrientationLandscapeRight";
				INFOPLIST_KEY_UISupportedInterfaceOrientations_iPhone = "UIInterfaceOrientationPortrait UIInterfaceOrientationLandscapeLeft UIInterfaceOrientationLandscapeRight";
				IPHONEOS_DEPLOYMENT_TARGET = 15.6;
				LD_RUNPATH_SEARCH_PATHS = "@executable_path/Frameworks";
				"LD_RUNPATH_SEARCH_PATHS[sdk=macosx*]" = "@executable_path/../Frameworks";
				MACOSX_DEPLOYMENT_TARGET = 15.6;
				MARKETING_VERSION = 1.1;
				PRODUCT_BUNDLE_IDENTIFIER = com.mbrown.offshore;
				PRODUCT_NAME = Offshore;
				PROVISIONING_PROFILE_SPECIFIER = "";
				REGISTER_APP_GROUPS = YES;
				SDKROOT = auto;
				SUPPORTED_PLATFORMS = "iphoneos iphonesimulator";
				SUPPORTS_MACCATALYST = YES;
				SWIFT_EMIT_LOC_STRINGS = YES;
				SWIFT_VERSION = 5.0;
				TARGETED_DEVICE_FAMILY = "1,2";
				XROS_DEPLOYMENT_TARGET = 2.5;
			};
			name = Release;
		};
		4CF2205D2E4A33BC00AD5F29 /* Debug */ = {
			isa = XCBuildConfiguration;
			buildSettings = {
				BUNDLE_LOADER = "$(TEST_HOST)";
				CODE_SIGN_STYLE = Automatic;
				CURRENT_PROJECT_VERSION = 1;
				DEAD_CODE_STRIPPING = YES;
				DEVELOPMENT_TEAM = T6DP3686XU;
				GENERATE_INFOPLIST_FILE = YES;
				IPHONEOS_DEPLOYMENT_TARGET = 18.5;
				MACOSX_DEPLOYMENT_TARGET = 15.5;
				MARKETING_VERSION = 1.0;
				PRODUCT_BUNDLE_IDENTIFIER = com.michaelbrown.ios.OffshoreBudgetingTests;
				PRODUCT_NAME = "$(TARGET_NAME)";
				SDKROOT = auto;
				SUPPORTED_PLATFORMS = "iphoneos iphonesimulator macosx xros xrsimulator";
				SWIFT_EMIT_LOC_STRINGS = NO;
				SWIFT_VERSION = 5.0;
				TARGETED_DEVICE_FAMILY = "1,2,7";
				TEST_HOST = "$(BUILT_PRODUCTS_DIR)/Offshore.app/$(BUNDLE_EXECUTABLE_FOLDER_PATH)/Offshore";
				XROS_DEPLOYMENT_TARGET = 2.5;
			};
			name = Debug;
		};
		4CF2205E2E4A33BC00AD5F29 /* Release */ = {
			isa = XCBuildConfiguration;
			buildSettings = {
				BUNDLE_LOADER = "$(TEST_HOST)";
				CODE_SIGN_STYLE = Automatic;
				CURRENT_PROJECT_VERSION = 1;
				DEAD_CODE_STRIPPING = YES;
				DEVELOPMENT_TEAM = T6DP3686XU;
				GENERATE_INFOPLIST_FILE = YES;
				IPHONEOS_DEPLOYMENT_TARGET = 18.5;
				MACOSX_DEPLOYMENT_TARGET = 15.5;
				MARKETING_VERSION = 1.0;
				PRODUCT_BUNDLE_IDENTIFIER = com.michaelbrown.ios.OffshoreBudgetingTests;
				PRODUCT_NAME = "$(TARGET_NAME)";
				SDKROOT = auto;
				SUPPORTED_PLATFORMS = "iphoneos iphonesimulator macosx xros xrsimulator";
				SWIFT_EMIT_LOC_STRINGS = NO;
				SWIFT_VERSION = 5.0;
				TARGETED_DEVICE_FAMILY = "1,2,7";
				TEST_HOST = "$(BUILT_PRODUCTS_DIR)/Offshore.app/$(BUNDLE_EXECUTABLE_FOLDER_PATH)/Offshore";
				XROS_DEPLOYMENT_TARGET = 2.5;
			};
			name = Release;
		};
		4CF220602E4A33BC00AD5F29 /* Debug */ = {
			isa = XCBuildConfiguration;
			buildSettings = {
				CODE_SIGN_STYLE = Automatic;
				CURRENT_PROJECT_VERSION = 1;
				DEAD_CODE_STRIPPING = YES;
				DEVELOPMENT_TEAM = T6DP3686XU;
				GENERATE_INFOPLIST_FILE = YES;
				IPHONEOS_DEPLOYMENT_TARGET = 18.5;
				MACOSX_DEPLOYMENT_TARGET = 15.5;
				MARKETING_VERSION = 1.0;
				PRODUCT_BUNDLE_IDENTIFIER = com.michaelbrown.ios.OffshoreBudgetingUITests;
				PRODUCT_NAME = "$(TARGET_NAME)";
				SDKROOT = auto;
				SUPPORTED_PLATFORMS = "iphoneos iphonesimulator macosx xros xrsimulator";
				SWIFT_EMIT_LOC_STRINGS = NO;
				SWIFT_VERSION = 5.0;
				TARGETED_DEVICE_FAMILY = "1,2,7";
				TEST_TARGET_NAME = OffshoreBudgeting;
				XROS_DEPLOYMENT_TARGET = 2.5;
			};
			name = Debug;
		};
		4CF220612E4A33BC00AD5F29 /* Release */ = {
			isa = XCBuildConfiguration;
			buildSettings = {
				CODE_SIGN_STYLE = Automatic;
				CURRENT_PROJECT_VERSION = 1;
				DEAD_CODE_STRIPPING = YES;
				DEVELOPMENT_TEAM = T6DP3686XU;
				GENERATE_INFOPLIST_FILE = YES;
				IPHONEOS_DEPLOYMENT_TARGET = 18.5;
				MACOSX_DEPLOYMENT_TARGET = 15.5;
				MARKETING_VERSION = 1.0;
				PRODUCT_BUNDLE_IDENTIFIER = com.michaelbrown.ios.OffshoreBudgetingUITests;
				PRODUCT_NAME = "$(TARGET_NAME)";
				SDKROOT = auto;
				SUPPORTED_PLATFORMS = "iphoneos iphonesimulator macosx xros xrsimulator";
				SWIFT_EMIT_LOC_STRINGS = NO;
				SWIFT_VERSION = 5.0;
				TARGETED_DEVICE_FAMILY = "1,2,7";
				TEST_TARGET_NAME = OffshoreBudgeting;
				XROS_DEPLOYMENT_TARGET = 2.5;
			};
			name = Release;
		};
/* End XCBuildConfiguration section */

/* Begin XCConfigurationList section */
		4CF220322E4A33B900AD5F29 /* Build configuration list for PBXProject "Offshore" */ = {
			isa = XCConfigurationList;
			buildConfigurations = (
				4CF220572E4A33BC00AD5F29 /* Debug */,
				4CF220582E4A33BC00AD5F29 /* Release */,
			);
			defaultConfigurationIsVisible = 0;
			defaultConfigurationName = Release;
		};
		4CF220592E4A33BC00AD5F29 /* Build configuration list for PBXNativeTarget "OffshoreBudgeting" */ = {
			isa = XCConfigurationList;
			buildConfigurations = (
				4CF2205A2E4A33BC00AD5F29 /* Debug */,
				4CF2205B2E4A33BC00AD5F29 /* Release */,
			);
			defaultConfigurationIsVisible = 0;
			defaultConfigurationName = Release;
		};
		4CF2205C2E4A33BC00AD5F29 /* Build configuration list for PBXNativeTarget "OffshoreBudgetingTests" */ = {
			isa = XCConfigurationList;
			buildConfigurations = (
				4CF2205D2E4A33BC00AD5F29 /* Debug */,
				4CF2205E2E4A33BC00AD5F29 /* Release */,
			);
			defaultConfigurationIsVisible = 0;
			defaultConfigurationName = Release;
		};
		4CF2205F2E4A33BC00AD5F29 /* Build configuration list for PBXNativeTarget "OffshoreBudgetingUITests" */ = {
			isa = XCConfigurationList;
			buildConfigurations = (
				4CF220602E4A33BC00AD5F29 /* Debug */,
				4CF220612E4A33BC00AD5F29 /* Release */,
			);
			defaultConfigurationIsVisible = 0;
			defaultConfigurationName = Release;
		};
/* End XCConfigurationList section */

/* Begin XCRemoteSwiftPackageReference section */
		4CF2218E2E4A42A500AD5F29 /* XCRemoteSwiftPackageReference "CalendarView" */ = {
			isa = XCRemoteSwiftPackageReference;
			repositoryURL = "https://github.com/Mijick/CalendarView.git";
			requirement = {
				kind = upToNextMajorVersion;
				minimumVersion = 1.0.0;
			};
		};
/* End XCRemoteSwiftPackageReference section */

/* Begin XCSwiftPackageProductDependency section */
		4CF2218F2E4A42A500AD5F29 /* MijickCalendarView */ = {
			isa = XCSwiftPackageProductDependency;
			package = 4CF2218E2E4A42A500AD5F29 /* XCRemoteSwiftPackageReference "CalendarView" */;
			productName = MijickCalendarView;
		};
/* End XCSwiftPackageProductDependency section */
	};
	rootObject = 4CF2202F2E4A33B900AD5F29 /* Project object */;
}
